
Microsoft Visual Studio Solution File, Format Version 12.00
# Visual Studio 15
VisualStudioVersion = 15.0.26430.12
MinimumVisualStudioVersion = 10.0.40219.1
Project("{FAE04EC0-301F-11D3-BF4B-00C04F79EFBC}") = "Jobs", "Application\Conversion\Jobs\Jobs.csproj", "{18354054-45F6-4F51-8730-D05643A400A3}"
EndProject
Project("{FAE04EC0-301F-11D3-BF4B-00C04F79EFBC}") = "Utilities", "Application\Utilities\Utilities.csproj", "{EA29538B-89A5-4FB3-AE0F-5E2370E852F8}"
EndProject
Project("{FAE04EC0-301F-11D3-BF4B-00C04F79EFBC}") = "SetupHelper", "Setup\SetupHelper\SetupHelper.csproj", "{4BBD6F42-9111-4452-A2C1-9E02F65592D2}"
EndProject
Project("{FAE04EC0-301F-11D3-BF4B-00C04F79EFBC}") = "TestUtilities", "IntegrationTest\TestHelper\TestUtilities.csproj", "{083D9318-F02A-44A1-8AD9-A82413B85655}"
EndProject
Project("{FAE04EC0-301F-11D3-BF4B-00C04F79EFBC}") = "Settings", "Application\Conversion\Settings\Settings.csproj", "{94936199-C9C7-4A5F-A58E-6123158E84F3}"
EndProject
Project("{FAE04EC0-301F-11D3-BF4B-00C04F79EFBC}") = "ErrorReport", "Application\ErrorReport\ErrorReport.csproj", "{80E33436-0D97-4653-8EDB-ECF03F7CA06A}"
EndProject
Project("{FAE04EC0-301F-11D3-BF4B-00C04F79EFBC}") = "Jobs.IntegrationTest", "IntegrationTest\Conversion\Jobs.IntegrationTest\Jobs.IntegrationTest.csproj", "{8E23669A-783B-495A-97BF-337580FE20DA}"
EndProject
Project("{FAE04EC0-301F-11D3-BF4B-00C04F79EFBC}") = "Utilities.UnitTest", "UnitTest\Utilities.UnitTest\Utilities.UnitTest.csproj", "{63681197-D7A3-47B0-97C9-C7BA7735C3AF}"
EndProject
Project("{FAE04EC0-301F-11D3-BF4B-00C04F79EFBC}") = "Utilities.IntegrationTest", "IntegrationTest\Utilities.IntegrationTest\Utilities.IntegrationTest.csproj", "{ED6DD9DE-28E2-408E-9444-DC1558B8D755}"
EndProject
Project("{2150E333-8FDC-42A3-9474-1A3956D46DE8}") = "_Solution Items", "_Solution Items", "{B289F8E8-E009-4270-ACDD-A18934F87019}"
	ProjectSection(SolutionItems) = preProject
		..\.gitlab-ci.yml = ..\.gitlab-ci.yml
		..\build.fsx = ..\build.fsx
		..\buildAll.fsx = ..\buildAll.fsx
		..\configs.fsx = ..\configs.fsx
		..\CreateLicense.fsx = ..\CreateLicense.fsx
		..\languageFileHelper.fsx = ..\languageFileHelper.fsx
		..\paket.dependencies = ..\paket.dependencies
		..\ResourceHackerHelper.fsx = ..\ResourceHackerHelper.fsx
		..\upload.fsx = ..\upload.fsx
		..\WeblateHelper.fsx = ..\WeblateHelper.fsx
	EndProjectSection
EndProject
Project("{2150E333-8FDC-42A3-9474-1A3956D46DE8}") = "UnitTest", "UnitTest", "{E56DE298-B9F1-4C80-943D-5C750A8E97A6}"
EndProject
Project("{2150E333-8FDC-42A3-9474-1A3956D46DE8}") = "IntegrationTest", "IntegrationTest", "{D3675B80-2716-4F93-A168-5AE695DEE138}"
EndProject
Project("{2150E333-8FDC-42A3-9474-1A3956D46DE8}") = "Application", "Application", "{045FAED8-C500-49E8-AD0E-81ABF5EC6AB7}"
EndProject
Project("{2150E333-8FDC-42A3-9474-1A3956D46DE8}") = "Editions", "Editions", "{5D4483CE-EB52-47FF-84D3-6B9BE987E7DE}"
EndProject
Project("{2150E333-8FDC-42A3-9474-1A3956D46DE8}") = "Conversion", "Conversion", "{CC1DB869-E02A-4545-AE84-B64BFDB0B008}"
EndProject
Project("{FAE04EC0-301F-11D3-BF4B-00C04F79EFBC}") = "PDFCreator", "Application\Editions\PDFCreator\PDFCreator.csproj", "{DF164150-D813-496F-B1B9-DEF0B0F79F72}"
EndProject
Project("{FAE04EC0-301F-11D3-BF4B-00C04F79EFBC}") = "Workflow", "Application\Core\Workflow\Workflow.csproj", "{E4F2F7AA-5A58-44A4-905D-09536CB81EA1}"
EndProject
Project("{FAE04EC0-301F-11D3-BF4B-00C04F79EFBC}") = "Services", "Application\Core\Services\Services.csproj", "{C6058628-42B2-4CF6-A4BE-622AD45F6E42}"
EndProject
Project("{FAE04EC0-301F-11D3-BF4B-00C04F79EFBC}") = "COM", "Application\UI\COM\COM.csproj", "{E9FA7815-7A2F-473C-9E2D-CA91758E8C4A}"
EndProject
Project("{2150E333-8FDC-42A3-9474-1A3956D46DE8}") = "Languages", "Languages", "{B3663EDB-F947-48CD-8B9F-79FA71E3804D}"
	ProjectSection(SolutionItems) = preProject
		Languages\English.ini = Languages\English.ini
	EndProjectSection
EndProject
Project("{FAE04EC0-301F-11D3-BF4B-00C04F79EFBC}") = "Startup", "Application\Startup\Startup\Startup.csproj", "{3157C130-EA8A-45EB-92DB-8615BD66B5C5}"
EndProject
Project("{2150E333-8FDC-42A3-9474-1A3956D46DE8}") = "UI", "UI", "{A97C7679-B987-4DDA-93F9-699B3F373737}"
EndProject
Project("{FAE04EC0-301F-11D3-BF4B-00C04F79EFBC}") = "Interactions", "Application\UI\Interactions\Interactions.csproj", "{9FA4DA88-81E9-4FF9-8521-70102762415B}"
EndProject
Project("{FAE04EC0-301F-11D3-BF4B-00C04F79EFBC}") = "SettingsManagement", "Application\Core\SettingsManagement\SettingsManagement.csproj", "{9B31D8CD-4E32-4925-B696-7D1CF02F0142}"
EndProject
Project("{FAE04EC0-301F-11D3-BF4B-00C04F79EFBC}") = "SettingsManagement.UnitTest", "UnitTest\Core\SettingsManagement.UnitTest\SettingsManagement.UnitTest.csproj", "{986AE0D8-5AA7-4A18-96C3-120B6D1BF5F2}"
EndProject
Project("{2150E333-8FDC-42A3-9474-1A3956D46DE8}") = "UI", "UI", "{621C7EC4-6BA0-4BC0-954B-85461607FAFD}"
EndProject
Project("{FAE04EC0-301F-11D3-BF4B-00C04F79EFBC}") = "Presentation.IntegrationTest", "IntegrationTest\UI\Presentation.IntegrationTest\Presentation.IntegrationTest.csproj", "{78555FF3-F157-4929-B429-0A8DB03D20AF}"
EndProject
Project("{FAE04EC0-301F-11D3-BF4B-00C04F79EFBC}") = "StartupInterface", "Application\Startup\StartupInterface\StartupInterface.csproj", "{1A092466-45AC-4FA5-BC67-25071F20CD59}"
EndProject
Project("{2150E333-8FDC-42A3-9474-1A3956D46DE8}") = "Core", "Core", "{9233C7A6-709E-4041-8B8F-FBC4E3FF0711}"
EndProject
Project("{FAE04EC0-301F-11D3-BF4B-00C04F79EFBC}") = "Printing", "Application\Core\Printing\Printing.csproj", "{FD68EB7E-2AE8-4C8E-BA9C-71F9AD98E33E}"
EndProject
Project("{FAE04EC0-301F-11D3-BF4B-00C04F79EFBC}") = "DirectConversion", "Application\Core\DirectConversion\DirectConversion.csproj", "{2D918F3C-5403-4346-98CF-FB53A5D09951}"
EndProject
Project("{FAE04EC0-301F-11D3-BF4B-00C04F79EFBC}") = "Communication", "Application\Core\Communication\Communication.csproj", "{256D5F6E-90A4-49E0-A4BA-1AA7284F1481}"
EndProject
Project("{FAE04EC0-301F-11D3-BF4B-00C04F79EFBC}") = "Controller", "Application\Core\Controller\Controller.csproj", "{BE1A6F7D-6439-4361-8E96-DF90B4BFE000}"
EndProject
Project("{2150E333-8FDC-42A3-9474-1A3956D46DE8}") = "Setup", "Setup", "{6CA631A0-23CE-48E5-8923-C2E1BC17C907}"
EndProject
Project("{2150E333-8FDC-42A3-9474-1A3956D46DE8}") = "Core", "Core", "{F6348260-0E29-4840-9695-A835307BE7B3}"
EndProject
Project("{2150E333-8FDC-42A3-9474-1A3956D46DE8}") = "UI", "UI", "{5EA080CE-21C5-44B9-A516-2BDEF218132A}"
EndProject
Project("{FAE04EC0-301F-11D3-BF4B-00C04F79EFBC}") = "Workflow.UnitTest", "UnitTest\Core\Workflow.UnitTest\Workflow.UnitTest.csproj", "{F92DA623-50D3-41FF-8FCA-FC93ED007B8F}"
EndProject
Project("{2150E333-8FDC-42A3-9474-1A3956D46DE8}") = "Conversion", "Conversion", "{57114181-ADAD-4B4B-BE7F-2918B08A03C7}"
EndProject
Project("{FAE04EC0-301F-11D3-BF4B-00C04F79EFBC}") = "Jobs.UnitTest", "UnitTest\Conversion\Jobs.UnitTest\Jobs.UnitTest.csproj", "{1ED83AC8-EB5F-4DE2-B2B9-E249D5A3E4D2}"
EndProject
Project("{FAE04EC0-301F-11D3-BF4B-00C04F79EFBC}") = "Printing.UnitTest", "UnitTest\Core\Printing.UnitTest\Printing.UnitTest.csproj", "{DAB29010-B1E7-469C-8AFD-FB6109661E08}"
EndProject
Project("{FAE04EC0-301F-11D3-BF4B-00C04F79EFBC}") = "Services.UnitTest", "UnitTest\Core\Services.UnitTest\Services.UnitTest.csproj", "{AFCBA7A2-C046-412D-BBE1-623F8E4844D2}"
EndProject
Project("{FAE04EC0-301F-11D3-BF4B-00C04F79EFBC}") = "UnitTestHelper", "UnitTest\UnitTestHelper\UnitTestHelper.csproj", "{913290B0-952B-4EF5-8839-1CC84CAF0048}"
EndProject
Project("{FAE04EC0-301F-11D3-BF4B-00C04F79EFBC}") = "COM.UnitTest", "UnitTest\UI\COM.UnitTest\COM.UnitTest.csproj", "{DE5E8798-2022-4CB2-8F5C-B60C0AE6EBDD}"
EndProject
Project("{2150E333-8FDC-42A3-9474-1A3956D46DE8}") = "Startup", "Startup", "{4783EDCD-C0C4-4477-82D2-415F1C13A6BC}"
EndProject
Project("{2150E333-8FDC-42A3-9474-1A3956D46DE8}") = "Startup", "Startup", "{145F3AB6-CCE1-4D4D-B85B-F6DDA1ED4239}"
EndProject
Project("{FAE04EC0-301F-11D3-BF4B-00C04F79EFBC}") = "Startup.UnitTest", "UnitTest\Startup\Startup.UnitTest\Startup.UnitTest.csproj", "{67490261-6DBA-4E31-896E-948A3C6A06EF}"
EndProject
Project("{2150E333-8FDC-42A3-9474-1A3956D46DE8}") = "Editions", "Editions", "{9E773438-6E3B-4550-9D5B-78951596ED1B}"
EndProject
Project("{FAE04EC0-301F-11D3-BF4B-00C04F79EFBC}") = "Editions.UnitTest", "UnitTest\Editions.UnitTest\Editions.UnitTest.csproj", "{04F56489-0687-44CA-A9C4-9312B4E9ECA2}"
EndProject
Project("{2150E333-8FDC-42A3-9474-1A3956D46DE8}") = "Core", "Core", "{B23FEF97-C42B-4671-9F68-F9DC1EE0A785}"
EndProject
Project("{2150E333-8FDC-42A3-9474-1A3956D46DE8}") = "Conversion", "Conversion", "{EF36E8F4-6AB8-4644-89D3-B8E82D89C335}"
EndProject
Project("{FAE04EC0-301F-11D3-BF4B-00C04F79EFBC}") = "DirectConversion.IntegrationTest", "IntegrationTest\Core\DirectConversion.IntegrationTest\DirectConversion.IntegrationTest.csproj", "{0746CD6A-9A42-40C3-ACBE-582B1147C88E}"
EndProject
Project("{FAE04EC0-301F-11D3-BF4B-00C04F79EFBC}") = "Printing.IntegrationTest", "IntegrationTest\Core\Printing.IntegrationTest\Printing.IntegrationTest.csproj", "{C004D4E4-6FAD-485F-BC06-3A8C824104D3}"
EndProject
Project("{FAE04EC0-301F-11D3-BF4B-00C04F79EFBC}") = "COM.IntegrationTest", "IntegrationTest\UI\COM.IntegrationTest\COM.IntegrationTest.csproj", "{C51ECAC0-DF0D-4C3A-9191-14A9D12303C9}"
EndProject
Project("{FAE04EC0-301F-11D3-BF4B-00C04F79EFBC}") = "Workflow.IntegrationTest", "IntegrationTest\Core\Workflow.IntegrationTest\Workflow.IntegrationTest.csproj", "{44DFEF13-3625-4825-B5E0-91A8BCED443B}"
EndProject
Project("{2150E333-8FDC-42A3-9474-1A3956D46DE8}") = "Processing", "Processing", "{5BDF15DD-DD51-4C25-868E-CE37DF9D804A}"
EndProject
Project("{FAE04EC0-301F-11D3-BF4B-00C04F79EFBC}") = "ITextProcessing", "Application\Conversion\Processing\ITextProcessing\ITextProcessing.csproj", "{4915636E-76E6-45CC-8150-E5E31BA4375D}"
EndProject
Project("{FAE04EC0-301F-11D3-BF4B-00C04F79EFBC}") = "PdfProcessingInterface", "Application\Conversion\Processing\PdfProcessingInterface\PdfProcessingInterface.csproj", "{F7126398-BB4F-49AF-AD90-0F23D2EDDCFE}"
EndProject
Project("{FAE04EC0-301F-11D3-BF4B-00C04F79EFBC}") = "Ghostscript", "Application\Conversion\Ghostscript\Ghostscript.csproj", "{F8F1B3E5-22D4-47FF-998C-AB3C9BD54FA2}"
EndProject
Project("{FAE04EC0-301F-11D3-BF4B-00C04F79EFBC}") = "ConverterInterface", "Application\Conversion\ConverterInterface\ConverterInterface.csproj", "{2856C862-70EC-42CB-9BD4-A889BD6EC1F7}"
EndProject
Project("{FAE04EC0-301F-11D3-BF4B-00C04F79EFBC}") = "Actions", "Application\Conversion\Actions\Actions.csproj", "{1DBB980A-80ED-4263-BC5D-B90377466E14}"
EndProject
Project("{FAE04EC0-301F-11D3-BF4B-00C04F79EFBC}") = "ActionsInterface", "Application\Conversion\ActionsInterface\ActionsInterface.csproj", "{8DE100B3-17E1-46E3-830B-5E0B072483CA}"
EndProject
Project("{FAE04EC0-301F-11D3-BF4B-00C04F79EFBC}") = "ComImplementation", "Application\Core\ComImplementation\ComImplementation.csproj", "{9D52AC1C-294B-484C-85BD-FF2798FB3616}"
EndProject
Project("{FAE04EC0-301F-11D3-BF4B-00C04F79EFBC}") = "Ghostscript.UnitTest", "UnitTest\Conversion\Ghostscript.UnitTest\Ghostscript.UnitTest.csproj", "{A96D5F3C-E26C-4CD2-96F9-79BCCFB4E81E}"
EndProject
Project("{FAE04EC0-301F-11D3-BF4B-00C04F79EFBC}") = "ComImplementation.UnitTest", "UnitTest\Core\ComImplementation.UnitTest\ComImplementation.UnitTest.csproj", "{8AC0AB93-2972-4704-B2DD-D8D91AF71748}"
EndProject
Project("{FAE04EC0-301F-11D3-BF4B-00C04F79EFBC}") = "EditionBase", "Application\Editions\EditionBase\EditionBase.csproj", "{3844380D-458D-4C8E-A453-AC7DA6BAEE49}"
EndProject
Project("{FAE04EC0-301F-11D3-BF4B-00C04F79EFBC}") = "Dropbox", "Application\Conversion\Dropbox\Dropbox.csproj", "{39E9D8C6-7E30-47DA-9FBD-250E1515C762}"
EndProject
Project("{FAE04EC0-301F-11D3-BF4B-00C04F79EFBC}") = "GpoAdapter", "Application\Core\GpoAdapter\GpoAdapter.csproj", "{E2437B45-05E0-479C-BA7D-C263C929429F}"
EndProject
Project("{FAE04EC0-301F-11D3-BF4B-00C04F79EFBC}") = "DirectConversion.UnitTest", "UnitTest\Core\DirectConversion.UnitTest\DirectConversion.UnitTest.csproj", "{9D05AA0B-16D4-4B7A-913B-F70F011CA3C8}"
EndProject
Project("{FAE04EC0-301F-11D3-BF4B-00C04F79EFBC}") = "Presentation", "Application\UI\Presentation\Presentation.csproj", "{CF5FF5FD-39AD-472D-ABC3-44D4E7909E68}"
EndProject
Project("{FAE04EC0-301F-11D3-BF4B-00C04F79EFBC}") = "Presentation.UnitTest", "UnitTest\UI\Presentation.UnitTest\Presentation.UnitTest.csproj", "{9754D891-6CFF-40FF-AB24-E1CF0D36AE02}"
EndProject
Project("{2150E333-8FDC-42A3-9474-1A3956D46DE8}") = "PerformanceTest", "PerformanceTest", "{F23AA6BA-784E-47B5-91F0-E18A5092C55F}"
EndProject
Project("{FAE04EC0-301F-11D3-BF4B-00C04F79EFBC}") = "Processing.PerformanceTest", "IntegrationTest\Conversion\PerformanceTest\Processing.PerformanceTest\Processing.PerformanceTest.csproj", "{43110D5B-B2DD-44F1-9131-F88C6401DB39}"
EndProject
Project("{FAE04EC0-301F-11D3-BF4B-00C04F79EFBC}") = "Settings.UnitTest", "UnitTest\Conversion\SettingsUnitTest\Settings.UnitTest.csproj", "{DFD7AE01-4FD9-4F94-A290-5FE9230F5D0B}"
EndProject
Project("{FAE04EC0-301F-11D3-BF4B-00C04F79EFBC}") = "ComWrapper", "Application\Ui\ComWrapper\ComWrapper.csproj", "{33141A90-DEDC-4F9C-9C7B-C3C99DD9E20B}"
EndProject
Project("{FAE04EC0-301F-11D3-BF4B-00C04F79EFBC}") = "Actions.UnitTest", "UnitTest\Conversion\Actions.UnitTest\Actions.UnitTest.csproj", "{26DA0D64-A55C-445A-9CF4-C79FDB399945}"
EndProject
Project("{FAE04EC0-301F-11D3-BF4B-00C04F79EFBC}") = "PrismHelper", "Application\UI\PrismHelper\PrismHelper.csproj", "{F4B19FCA-ACEE-4228-B37E-4A46316C791D}"
EndProject
Project("{FAE04EC0-301F-11D3-BF4B-00C04F79EFBC}") = "Notifications", "Notifications\Notifications.csproj", "{17470F53-5CED-428E-B81F-82B31A541071}"
EndProject
Project("{FAE04EC0-301F-11D3-BF4B-00C04F79EFBC}") = "Server.Ui.UnitTest", "UnitTest\Server\UI\Server.Ui.UnitTest\Server.Ui.UnitTest.csproj", "{9057BEC7-E3CF-415C-BE62-47A2DCA784AE}"
EndProject
Project("{FAE04EC0-301F-11D3-BF4B-00C04F79EFBC}") = "CustomScriptAction", "Application\Conversion\CustomScriptAction\CustomScriptAction.csproj", "{4C6CFA7F-C3AF-4419-8CD0-62B39E55BA11}"
EndProject
Project("{FAE04EC0-301F-11D3-BF4B-00C04F79EFBC}") = "CustomScriptAction.UnitTest", "UnitTest\Conversion\CustomScriptAction.UnitTest\CustomScriptAction.UnitTest.csproj", "{E8E82991-90CA-48E4-948A-0160075C1BC5}"
EndProject
Project("{FAE04EC0-301F-11D3-BF4B-00C04F79EFBC}") = "CustomScriptAction.IntegrationTest", "IntegrationTest\Conversion\CustomScriptAction.IntegrationTest\CustomScriptAction.IntegrationTest.csproj", "{B15E6735-442E-4800-9BD9-BFF640149EF9}"
EndProject
Project("{FAE04EC0-301F-11D3-BF4B-00C04F79EFBC}") = "UsageStatistics", "Application\Core\UsageStatistics\UsageStatistics.csproj", "{298FE9D1-10AC-4D58-8E05-9C5027B4BE6F}"
EndProject
Project("{FAE04EC0-301F-11D3-BF4B-00C04F79EFBC}") = "UsageStatistics.UnitTest", "UnitTest\Core\UsageStatistics.UnitTest\UsageStatistics.UnitTest.csproj", "{8F7AB506-46E1-4777-97AC-F8BA7FD11C92}"
EndProject
Project("{FAE04EC0-301F-11D3-BF4B-00C04F79EFBC}") = "ServiceLocator", "Application\Core\ServiceLocator\ServiceLocator.csproj", "{4B9272BE-2F52-48CD-93D9-8880F509B304}"
EndProject
Project("{FAE04EC0-301F-11D3-BF4B-00C04F79EFBC}") = "RssFeed", "RssFeed\RssFeed.csproj", "{332B17D7-E291-4472-8899-2C8C5846DE87}"
EndProject
Project("{FAE04EC0-301F-11D3-BF4B-00C04F79EFBC}") = "RssFeed.UnitTest", "RssFeed.UnitTest\RssFeed.UnitTest.csproj", "{CF37D6F7-66BD-40B0-A66A-651A9C8692AA}"
EndProject
Project("{2150E333-8FDC-42A3-9474-1A3956D46DE8}") = "Components", "Components", "{91C623D9-F7D8-40D9-9CF1-E8863BDACD5D}"
EndProject
Project("{FAE04EC0-301F-11D3-BF4B-00C04F79EFBC}") = "Banners", "Application\UI\Components\Banners\Banners.csproj", "{C99C4C06-5607-4F9E-82F2-AC2E780DD876}"
EndProject
Project("{FAE04EC0-301F-11D3-BF4B-00C04F79EFBC}") = "Banners.UnitTest", "UnitTest\UI\Banners.UnitTest\Banners.UnitTest.csproj", "{925E94A3-959E-4C24-B5B8-54E52565B994}"
EndProject
Global
	GlobalSection(SolutionConfigurationPlatforms) = preSolution
		Debug|Any CPU = Debug|Any CPU
		Release|Any CPU = Release|Any CPU
	EndGlobalSection
	GlobalSection(ProjectConfigurationPlatforms) = postSolution
		{18354054-45F6-4F51-8730-D05643A400A3}.Debug|Any CPU.ActiveCfg = Debug|Any CPU
		{18354054-45F6-4F51-8730-D05643A400A3}.Debug|Any CPU.Build.0 = Debug|Any CPU
		{18354054-45F6-4F51-8730-D05643A400A3}.Release|Any CPU.ActiveCfg = Release|Any CPU
		{18354054-45F6-4F51-8730-D05643A400A3}.Release|Any CPU.Build.0 = Release|Any CPU
		{EA29538B-89A5-4FB3-AE0F-5E2370E852F8}.Debug|Any CPU.ActiveCfg = Debug|Any CPU
		{EA29538B-89A5-4FB3-AE0F-5E2370E852F8}.Debug|Any CPU.Build.0 = Debug|Any CPU
		{EA29538B-89A5-4FB3-AE0F-5E2370E852F8}.Release|Any CPU.ActiveCfg = Release|Any CPU
		{EA29538B-89A5-4FB3-AE0F-5E2370E852F8}.Release|Any CPU.Build.0 = Release|Any CPU
		{4BBD6F42-9111-4452-A2C1-9E02F65592D2}.Debug|Any CPU.ActiveCfg = Debug|Any CPU
		{4BBD6F42-9111-4452-A2C1-9E02F65592D2}.Debug|Any CPU.Build.0 = Debug|Any CPU
		{4BBD6F42-9111-4452-A2C1-9E02F65592D2}.Release|Any CPU.ActiveCfg = Release|Any CPU
		{4BBD6F42-9111-4452-A2C1-9E02F65592D2}.Release|Any CPU.Build.0 = Release|Any CPU
		{083D9318-F02A-44A1-8AD9-A82413B85655}.Debug|Any CPU.ActiveCfg = Debug|Any CPU
		{083D9318-F02A-44A1-8AD9-A82413B85655}.Debug|Any CPU.Build.0 = Debug|Any CPU
		{083D9318-F02A-44A1-8AD9-A82413B85655}.Release|Any CPU.ActiveCfg = Release|Any CPU
		{083D9318-F02A-44A1-8AD9-A82413B85655}.Release|Any CPU.Build.0 = Release|Any CPU
		{94936199-C9C7-4A5F-A58E-6123158E84F3}.Debug|Any CPU.ActiveCfg = Debug|Any CPU
		{94936199-C9C7-4A5F-A58E-6123158E84F3}.Debug|Any CPU.Build.0 = Debug|Any CPU
		{94936199-C9C7-4A5F-A58E-6123158E84F3}.Release|Any CPU.ActiveCfg = Release|Any CPU
		{94936199-C9C7-4A5F-A58E-6123158E84F3}.Release|Any CPU.Build.0 = Release|Any CPU
		{80E33436-0D97-4653-8EDB-ECF03F7CA06A}.Debug|Any CPU.ActiveCfg = Debug|Any CPU
		{80E33436-0D97-4653-8EDB-ECF03F7CA06A}.Debug|Any CPU.Build.0 = Debug|Any CPU
		{80E33436-0D97-4653-8EDB-ECF03F7CA06A}.Release|Any CPU.ActiveCfg = Release|Any CPU
		{80E33436-0D97-4653-8EDB-ECF03F7CA06A}.Release|Any CPU.Build.0 = Release|Any CPU
		{8E23669A-783B-495A-97BF-337580FE20DA}.Debug|Any CPU.ActiveCfg = Debug|Any CPU
		{8E23669A-783B-495A-97BF-337580FE20DA}.Debug|Any CPU.Build.0 = Debug|Any CPU
		{8E23669A-783B-495A-97BF-337580FE20DA}.Release|Any CPU.ActiveCfg = Release|Any CPU
		{8E23669A-783B-495A-97BF-337580FE20DA}.Release|Any CPU.Build.0 = Release|Any CPU
		{63681197-D7A3-47B0-97C9-C7BA7735C3AF}.Debug|Any CPU.ActiveCfg = Debug|Any CPU
		{63681197-D7A3-47B0-97C9-C7BA7735C3AF}.Debug|Any CPU.Build.0 = Debug|Any CPU
		{63681197-D7A3-47B0-97C9-C7BA7735C3AF}.Release|Any CPU.ActiveCfg = Release|Any CPU
		{63681197-D7A3-47B0-97C9-C7BA7735C3AF}.Release|Any CPU.Build.0 = Release|Any CPU
		{ED6DD9DE-28E2-408E-9444-DC1558B8D755}.Debug|Any CPU.ActiveCfg = Debug|Any CPU
		{ED6DD9DE-28E2-408E-9444-DC1558B8D755}.Debug|Any CPU.Build.0 = Debug|Any CPU
		{ED6DD9DE-28E2-408E-9444-DC1558B8D755}.Release|Any CPU.ActiveCfg = Release|Any CPU
		{ED6DD9DE-28E2-408E-9444-DC1558B8D755}.Release|Any CPU.Build.0 = Release|Any CPU
		{DF164150-D813-496F-B1B9-DEF0B0F79F72}.Debug|Any CPU.ActiveCfg = Debug|Any CPU
		{DF164150-D813-496F-B1B9-DEF0B0F79F72}.Debug|Any CPU.Build.0 = Debug|Any CPU
		{DF164150-D813-496F-B1B9-DEF0B0F79F72}.Release|Any CPU.ActiveCfg = Release|Any CPU
		{DF164150-D813-496F-B1B9-DEF0B0F79F72}.Release|Any CPU.Build.0 = Release|Any CPU
		{E4F2F7AA-5A58-44A4-905D-09536CB81EA1}.Debug|Any CPU.ActiveCfg = Debug|Any CPU
		{E4F2F7AA-5A58-44A4-905D-09536CB81EA1}.Debug|Any CPU.Build.0 = Debug|Any CPU
		{E4F2F7AA-5A58-44A4-905D-09536CB81EA1}.Release|Any CPU.ActiveCfg = Release|Any CPU
		{E4F2F7AA-5A58-44A4-905D-09536CB81EA1}.Release|Any CPU.Build.0 = Release|Any CPU
		{C6058628-42B2-4CF6-A4BE-622AD45F6E42}.Debug|Any CPU.ActiveCfg = Debug|Any CPU
		{C6058628-42B2-4CF6-A4BE-622AD45F6E42}.Debug|Any CPU.Build.0 = Debug|Any CPU
		{C6058628-42B2-4CF6-A4BE-622AD45F6E42}.Release|Any CPU.ActiveCfg = Release|Any CPU
		{C6058628-42B2-4CF6-A4BE-622AD45F6E42}.Release|Any CPU.Build.0 = Release|Any CPU
		{E9FA7815-7A2F-473C-9E2D-CA91758E8C4A}.Debug|Any CPU.ActiveCfg = Debug|Any CPU
		{E9FA7815-7A2F-473C-9E2D-CA91758E8C4A}.Debug|Any CPU.Build.0 = Debug|Any CPU
		{E9FA7815-7A2F-473C-9E2D-CA91758E8C4A}.Release|Any CPU.ActiveCfg = Release|Any CPU
		{E9FA7815-7A2F-473C-9E2D-CA91758E8C4A}.Release|Any CPU.Build.0 = Release|Any CPU
		{3157C130-EA8A-45EB-92DB-8615BD66B5C5}.Debug|Any CPU.ActiveCfg = Debug|Any CPU
		{3157C130-EA8A-45EB-92DB-8615BD66B5C5}.Debug|Any CPU.Build.0 = Debug|Any CPU
		{3157C130-EA8A-45EB-92DB-8615BD66B5C5}.Release|Any CPU.ActiveCfg = Release|Any CPU
		{3157C130-EA8A-45EB-92DB-8615BD66B5C5}.Release|Any CPU.Build.0 = Release|Any CPU
		{9FA4DA88-81E9-4FF9-8521-70102762415B}.Debug|Any CPU.ActiveCfg = Debug|Any CPU
		{9FA4DA88-81E9-4FF9-8521-70102762415B}.Debug|Any CPU.Build.0 = Debug|Any CPU
		{9FA4DA88-81E9-4FF9-8521-70102762415B}.Release|Any CPU.ActiveCfg = Release|Any CPU
		{9FA4DA88-81E9-4FF9-8521-70102762415B}.Release|Any CPU.Build.0 = Release|Any CPU
		{9B31D8CD-4E32-4925-B696-7D1CF02F0142}.Debug|Any CPU.ActiveCfg = Debug|Any CPU
		{9B31D8CD-4E32-4925-B696-7D1CF02F0142}.Debug|Any CPU.Build.0 = Debug|Any CPU
		{9B31D8CD-4E32-4925-B696-7D1CF02F0142}.Release|Any CPU.ActiveCfg = Release|Any CPU
		{9B31D8CD-4E32-4925-B696-7D1CF02F0142}.Release|Any CPU.Build.0 = Release|Any CPU
		{986AE0D8-5AA7-4A18-96C3-120B6D1BF5F2}.Debug|Any CPU.ActiveCfg = Debug|Any CPU
		{986AE0D8-5AA7-4A18-96C3-120B6D1BF5F2}.Debug|Any CPU.Build.0 = Debug|Any CPU
		{986AE0D8-5AA7-4A18-96C3-120B6D1BF5F2}.Release|Any CPU.ActiveCfg = Release|Any CPU
		{986AE0D8-5AA7-4A18-96C3-120B6D1BF5F2}.Release|Any CPU.Build.0 = Release|Any CPU
		{78555FF3-F157-4929-B429-0A8DB03D20AF}.Debug|Any CPU.ActiveCfg = Debug|Any CPU
		{78555FF3-F157-4929-B429-0A8DB03D20AF}.Debug|Any CPU.Build.0 = Debug|Any CPU
		{78555FF3-F157-4929-B429-0A8DB03D20AF}.Release|Any CPU.ActiveCfg = Release|Any CPU
		{78555FF3-F157-4929-B429-0A8DB03D20AF}.Release|Any CPU.Build.0 = Release|Any CPU
		{1A092466-45AC-4FA5-BC67-25071F20CD59}.Debug|Any CPU.ActiveCfg = Debug|Any CPU
		{1A092466-45AC-4FA5-BC67-25071F20CD59}.Debug|Any CPU.Build.0 = Debug|Any CPU
		{1A092466-45AC-4FA5-BC67-25071F20CD59}.Release|Any CPU.ActiveCfg = Release|Any CPU
		{1A092466-45AC-4FA5-BC67-25071F20CD59}.Release|Any CPU.Build.0 = Release|Any CPU
		{FD68EB7E-2AE8-4C8E-BA9C-71F9AD98E33E}.Debug|Any CPU.ActiveCfg = Debug|Any CPU
		{FD68EB7E-2AE8-4C8E-BA9C-71F9AD98E33E}.Debug|Any CPU.Build.0 = Debug|Any CPU
		{FD68EB7E-2AE8-4C8E-BA9C-71F9AD98E33E}.Release|Any CPU.ActiveCfg = Release|Any CPU
		{FD68EB7E-2AE8-4C8E-BA9C-71F9AD98E33E}.Release|Any CPU.Build.0 = Release|Any CPU
		{2D918F3C-5403-4346-98CF-FB53A5D09951}.Debug|Any CPU.ActiveCfg = Debug|Any CPU
		{2D918F3C-5403-4346-98CF-FB53A5D09951}.Debug|Any CPU.Build.0 = Debug|Any CPU
		{2D918F3C-5403-4346-98CF-FB53A5D09951}.Release|Any CPU.ActiveCfg = Release|Any CPU
		{2D918F3C-5403-4346-98CF-FB53A5D09951}.Release|Any CPU.Build.0 = Release|Any CPU
		{256D5F6E-90A4-49E0-A4BA-1AA7284F1481}.Debug|Any CPU.ActiveCfg = Debug|Any CPU
		{256D5F6E-90A4-49E0-A4BA-1AA7284F1481}.Debug|Any CPU.Build.0 = Debug|Any CPU
		{256D5F6E-90A4-49E0-A4BA-1AA7284F1481}.Release|Any CPU.ActiveCfg = Release|Any CPU
		{256D5F6E-90A4-49E0-A4BA-1AA7284F1481}.Release|Any CPU.Build.0 = Release|Any CPU
		{BE1A6F7D-6439-4361-8E96-DF90B4BFE000}.Debug|Any CPU.ActiveCfg = Debug|Any CPU
		{BE1A6F7D-6439-4361-8E96-DF90B4BFE000}.Debug|Any CPU.Build.0 = Debug|Any CPU
		{BE1A6F7D-6439-4361-8E96-DF90B4BFE000}.Release|Any CPU.ActiveCfg = Release|Any CPU
		{BE1A6F7D-6439-4361-8E96-DF90B4BFE000}.Release|Any CPU.Build.0 = Release|Any CPU
		{F92DA623-50D3-41FF-8FCA-FC93ED007B8F}.Debug|Any CPU.ActiveCfg = Debug|Any CPU
		{F92DA623-50D3-41FF-8FCA-FC93ED007B8F}.Debug|Any CPU.Build.0 = Debug|Any CPU
		{F92DA623-50D3-41FF-8FCA-FC93ED007B8F}.Release|Any CPU.ActiveCfg = Release|Any CPU
		{F92DA623-50D3-41FF-8FCA-FC93ED007B8F}.Release|Any CPU.Build.0 = Release|Any CPU
		{1ED83AC8-EB5F-4DE2-B2B9-E249D5A3E4D2}.Debug|Any CPU.ActiveCfg = Debug|Any CPU
		{1ED83AC8-EB5F-4DE2-B2B9-E249D5A3E4D2}.Debug|Any CPU.Build.0 = Debug|Any CPU
		{1ED83AC8-EB5F-4DE2-B2B9-E249D5A3E4D2}.Release|Any CPU.ActiveCfg = Release|Any CPU
		{1ED83AC8-EB5F-4DE2-B2B9-E249D5A3E4D2}.Release|Any CPU.Build.0 = Release|Any CPU
		{DAB29010-B1E7-469C-8AFD-FB6109661E08}.Debug|Any CPU.ActiveCfg = Debug|Any CPU
		{DAB29010-B1E7-469C-8AFD-FB6109661E08}.Debug|Any CPU.Build.0 = Debug|Any CPU
		{DAB29010-B1E7-469C-8AFD-FB6109661E08}.Release|Any CPU.ActiveCfg = Release|Any CPU
		{DAB29010-B1E7-469C-8AFD-FB6109661E08}.Release|Any CPU.Build.0 = Release|Any CPU
		{AFCBA7A2-C046-412D-BBE1-623F8E4844D2}.Debug|Any CPU.ActiveCfg = Debug|Any CPU
		{AFCBA7A2-C046-412D-BBE1-623F8E4844D2}.Debug|Any CPU.Build.0 = Debug|Any CPU
		{AFCBA7A2-C046-412D-BBE1-623F8E4844D2}.Release|Any CPU.ActiveCfg = Release|Any CPU
		{AFCBA7A2-C046-412D-BBE1-623F8E4844D2}.Release|Any CPU.Build.0 = Release|Any CPU
		{913290B0-952B-4EF5-8839-1CC84CAF0048}.Debug|Any CPU.ActiveCfg = Debug|Any CPU
		{913290B0-952B-4EF5-8839-1CC84CAF0048}.Debug|Any CPU.Build.0 = Debug|Any CPU
		{913290B0-952B-4EF5-8839-1CC84CAF0048}.Release|Any CPU.ActiveCfg = Release|Any CPU
		{913290B0-952B-4EF5-8839-1CC84CAF0048}.Release|Any CPU.Build.0 = Release|Any CPU
		{DE5E8798-2022-4CB2-8F5C-B60C0AE6EBDD}.Debug|Any CPU.ActiveCfg = Debug|Any CPU
		{DE5E8798-2022-4CB2-8F5C-B60C0AE6EBDD}.Debug|Any CPU.Build.0 = Debug|Any CPU
		{DE5E8798-2022-4CB2-8F5C-B60C0AE6EBDD}.Release|Any CPU.ActiveCfg = Release|Any CPU
		{DE5E8798-2022-4CB2-8F5C-B60C0AE6EBDD}.Release|Any CPU.Build.0 = Release|Any CPU
		{67490261-6DBA-4E31-896E-948A3C6A06EF}.Debug|Any CPU.ActiveCfg = Debug|Any CPU
		{67490261-6DBA-4E31-896E-948A3C6A06EF}.Debug|Any CPU.Build.0 = Debug|Any CPU
		{67490261-6DBA-4E31-896E-948A3C6A06EF}.Release|Any CPU.ActiveCfg = Release|Any CPU
		{67490261-6DBA-4E31-896E-948A3C6A06EF}.Release|Any CPU.Build.0 = Release|Any CPU
		{04F56489-0687-44CA-A9C4-9312B4E9ECA2}.Debug|Any CPU.ActiveCfg = Debug|Any CPU
		{04F56489-0687-44CA-A9C4-9312B4E9ECA2}.Debug|Any CPU.Build.0 = Debug|Any CPU
		{04F56489-0687-44CA-A9C4-9312B4E9ECA2}.Release|Any CPU.ActiveCfg = Release|Any CPU
		{04F56489-0687-44CA-A9C4-9312B4E9ECA2}.Release|Any CPU.Build.0 = Release|Any CPU
		{0746CD6A-9A42-40C3-ACBE-582B1147C88E}.Debug|Any CPU.ActiveCfg = Debug|Any CPU
		{0746CD6A-9A42-40C3-ACBE-582B1147C88E}.Debug|Any CPU.Build.0 = Debug|Any CPU
		{0746CD6A-9A42-40C3-ACBE-582B1147C88E}.Release|Any CPU.ActiveCfg = Release|Any CPU
		{0746CD6A-9A42-40C3-ACBE-582B1147C88E}.Release|Any CPU.Build.0 = Release|Any CPU
		{C004D4E4-6FAD-485F-BC06-3A8C824104D3}.Debug|Any CPU.ActiveCfg = Debug|Any CPU
		{C004D4E4-6FAD-485F-BC06-3A8C824104D3}.Debug|Any CPU.Build.0 = Debug|Any CPU
		{C004D4E4-6FAD-485F-BC06-3A8C824104D3}.Release|Any CPU.ActiveCfg = Release|Any CPU
		{C004D4E4-6FAD-485F-BC06-3A8C824104D3}.Release|Any CPU.Build.0 = Release|Any CPU
		{C51ECAC0-DF0D-4C3A-9191-14A9D12303C9}.Debug|Any CPU.ActiveCfg = Debug|Any CPU
		{C51ECAC0-DF0D-4C3A-9191-14A9D12303C9}.Debug|Any CPU.Build.0 = Debug|Any CPU
		{C51ECAC0-DF0D-4C3A-9191-14A9D12303C9}.Release|Any CPU.ActiveCfg = Release|Any CPU
		{C51ECAC0-DF0D-4C3A-9191-14A9D12303C9}.Release|Any CPU.Build.0 = Release|Any CPU
		{44DFEF13-3625-4825-B5E0-91A8BCED443B}.Debug|Any CPU.ActiveCfg = Debug|Any CPU
		{44DFEF13-3625-4825-B5E0-91A8BCED443B}.Debug|Any CPU.Build.0 = Debug|Any CPU
		{44DFEF13-3625-4825-B5E0-91A8BCED443B}.Release|Any CPU.ActiveCfg = Release|Any CPU
		{44DFEF13-3625-4825-B5E0-91A8BCED443B}.Release|Any CPU.Build.0 = Release|Any CPU
		{4915636E-76E6-45CC-8150-E5E31BA4375D}.Debug|Any CPU.ActiveCfg = Debug|Any CPU
		{4915636E-76E6-45CC-8150-E5E31BA4375D}.Debug|Any CPU.Build.0 = Debug|Any CPU
		{4915636E-76E6-45CC-8150-E5E31BA4375D}.Release|Any CPU.ActiveCfg = Release|Any CPU
		{4915636E-76E6-45CC-8150-E5E31BA4375D}.Release|Any CPU.Build.0 = Release|Any CPU
		{F7126398-BB4F-49AF-AD90-0F23D2EDDCFE}.Debug|Any CPU.ActiveCfg = Debug|Any CPU
		{F7126398-BB4F-49AF-AD90-0F23D2EDDCFE}.Debug|Any CPU.Build.0 = Debug|Any CPU
		{F7126398-BB4F-49AF-AD90-0F23D2EDDCFE}.Release|Any CPU.ActiveCfg = Release|Any CPU
		{F7126398-BB4F-49AF-AD90-0F23D2EDDCFE}.Release|Any CPU.Build.0 = Release|Any CPU
		{F8F1B3E5-22D4-47FF-998C-AB3C9BD54FA2}.Debug|Any CPU.ActiveCfg = Debug|Any CPU
		{F8F1B3E5-22D4-47FF-998C-AB3C9BD54FA2}.Debug|Any CPU.Build.0 = Debug|Any CPU
		{F8F1B3E5-22D4-47FF-998C-AB3C9BD54FA2}.Release|Any CPU.ActiveCfg = Release|Any CPU
		{F8F1B3E5-22D4-47FF-998C-AB3C9BD54FA2}.Release|Any CPU.Build.0 = Release|Any CPU
		{2856C862-70EC-42CB-9BD4-A889BD6EC1F7}.Debug|Any CPU.ActiveCfg = Debug|Any CPU
		{2856C862-70EC-42CB-9BD4-A889BD6EC1F7}.Debug|Any CPU.Build.0 = Debug|Any CPU
		{2856C862-70EC-42CB-9BD4-A889BD6EC1F7}.Release|Any CPU.ActiveCfg = Release|Any CPU
		{2856C862-70EC-42CB-9BD4-A889BD6EC1F7}.Release|Any CPU.Build.0 = Release|Any CPU
		{1DBB980A-80ED-4263-BC5D-B90377466E14}.Debug|Any CPU.ActiveCfg = Debug|Any CPU
		{1DBB980A-80ED-4263-BC5D-B90377466E14}.Debug|Any CPU.Build.0 = Debug|Any CPU
		{1DBB980A-80ED-4263-BC5D-B90377466E14}.Release|Any CPU.ActiveCfg = Release|Any CPU
		{1DBB980A-80ED-4263-BC5D-B90377466E14}.Release|Any CPU.Build.0 = Release|Any CPU
		{8DE100B3-17E1-46E3-830B-5E0B072483CA}.Debug|Any CPU.ActiveCfg = Debug|Any CPU
		{8DE100B3-17E1-46E3-830B-5E0B072483CA}.Debug|Any CPU.Build.0 = Debug|Any CPU
		{8DE100B3-17E1-46E3-830B-5E0B072483CA}.Release|Any CPU.ActiveCfg = Release|Any CPU
		{8DE100B3-17E1-46E3-830B-5E0B072483CA}.Release|Any CPU.Build.0 = Release|Any CPU
		{9D52AC1C-294B-484C-85BD-FF2798FB3616}.Debug|Any CPU.ActiveCfg = Debug|Any CPU
		{9D52AC1C-294B-484C-85BD-FF2798FB3616}.Debug|Any CPU.Build.0 = Debug|Any CPU
		{9D52AC1C-294B-484C-85BD-FF2798FB3616}.Release|Any CPU.ActiveCfg = Release|Any CPU
		{9D52AC1C-294B-484C-85BD-FF2798FB3616}.Release|Any CPU.Build.0 = Release|Any CPU
		{A96D5F3C-E26C-4CD2-96F9-79BCCFB4E81E}.Debug|Any CPU.ActiveCfg = Debug|Any CPU
		{A96D5F3C-E26C-4CD2-96F9-79BCCFB4E81E}.Debug|Any CPU.Build.0 = Debug|Any CPU
		{A96D5F3C-E26C-4CD2-96F9-79BCCFB4E81E}.Release|Any CPU.ActiveCfg = Release|Any CPU
		{A96D5F3C-E26C-4CD2-96F9-79BCCFB4E81E}.Release|Any CPU.Build.0 = Release|Any CPU
		{8AC0AB93-2972-4704-B2DD-D8D91AF71748}.Debug|Any CPU.ActiveCfg = Debug|Any CPU
		{8AC0AB93-2972-4704-B2DD-D8D91AF71748}.Debug|Any CPU.Build.0 = Debug|Any CPU
		{8AC0AB93-2972-4704-B2DD-D8D91AF71748}.Release|Any CPU.ActiveCfg = Release|Any CPU
		{8AC0AB93-2972-4704-B2DD-D8D91AF71748}.Release|Any CPU.Build.0 = Release|Any CPU
		{3844380D-458D-4C8E-A453-AC7DA6BAEE49}.Debug|Any CPU.ActiveCfg = Debug|Any CPU
		{3844380D-458D-4C8E-A453-AC7DA6BAEE49}.Debug|Any CPU.Build.0 = Debug|Any CPU
		{3844380D-458D-4C8E-A453-AC7DA6BAEE49}.Release|Any CPU.ActiveCfg = Release|Any CPU
		{3844380D-458D-4C8E-A453-AC7DA6BAEE49}.Release|Any CPU.Build.0 = Release|Any CPU
		{39E9D8C6-7E30-47DA-9FBD-250E1515C762}.Debug|Any CPU.ActiveCfg = Debug|Any CPU
		{39E9D8C6-7E30-47DA-9FBD-250E1515C762}.Debug|Any CPU.Build.0 = Debug|Any CPU
		{39E9D8C6-7E30-47DA-9FBD-250E1515C762}.Release|Any CPU.ActiveCfg = Release|Any CPU
		{39E9D8C6-7E30-47DA-9FBD-250E1515C762}.Release|Any CPU.Build.0 = Release|Any CPU
		{E2437B45-05E0-479C-BA7D-C263C929429F}.Debug|Any CPU.ActiveCfg = Debug|Any CPU
		{E2437B45-05E0-479C-BA7D-C263C929429F}.Debug|Any CPU.Build.0 = Debug|Any CPU
		{E2437B45-05E0-479C-BA7D-C263C929429F}.Release|Any CPU.ActiveCfg = Release|Any CPU
		{E2437B45-05E0-479C-BA7D-C263C929429F}.Release|Any CPU.Build.0 = Release|Any CPU
		{9D05AA0B-16D4-4B7A-913B-F70F011CA3C8}.Debug|Any CPU.ActiveCfg = Debug|Any CPU
		{9D05AA0B-16D4-4B7A-913B-F70F011CA3C8}.Debug|Any CPU.Build.0 = Debug|Any CPU
		{9D05AA0B-16D4-4B7A-913B-F70F011CA3C8}.Release|Any CPU.ActiveCfg = Release|Any CPU
		{9D05AA0B-16D4-4B7A-913B-F70F011CA3C8}.Release|Any CPU.Build.0 = Release|Any CPU
		{CF5FF5FD-39AD-472D-ABC3-44D4E7909E68}.Debug|Any CPU.ActiveCfg = Debug|Any CPU
		{CF5FF5FD-39AD-472D-ABC3-44D4E7909E68}.Debug|Any CPU.Build.0 = Debug|Any CPU
		{CF5FF5FD-39AD-472D-ABC3-44D4E7909E68}.Release|Any CPU.ActiveCfg = Release|Any CPU
		{CF5FF5FD-39AD-472D-ABC3-44D4E7909E68}.Release|Any CPU.Build.0 = Release|Any CPU
		{9754D891-6CFF-40FF-AB24-E1CF0D36AE02}.Debug|Any CPU.ActiveCfg = Debug|Any CPU
		{9754D891-6CFF-40FF-AB24-E1CF0D36AE02}.Debug|Any CPU.Build.0 = Debug|Any CPU
		{9754D891-6CFF-40FF-AB24-E1CF0D36AE02}.Release|Any CPU.ActiveCfg = Release|Any CPU
		{9754D891-6CFF-40FF-AB24-E1CF0D36AE02}.Release|Any CPU.Build.0 = Release|Any CPU
		{43110D5B-B2DD-44F1-9131-F88C6401DB39}.Debug|Any CPU.ActiveCfg = Debug|Any CPU
		{43110D5B-B2DD-44F1-9131-F88C6401DB39}.Debug|Any CPU.Build.0 = Debug|Any CPU
		{43110D5B-B2DD-44F1-9131-F88C6401DB39}.Release|Any CPU.ActiveCfg = Release|Any CPU
		{43110D5B-B2DD-44F1-9131-F88C6401DB39}.Release|Any CPU.Build.0 = Release|Any CPU
		{DFD7AE01-4FD9-4F94-A290-5FE9230F5D0B}.Debug|Any CPU.ActiveCfg = Debug|Any CPU
		{DFD7AE01-4FD9-4F94-A290-5FE9230F5D0B}.Debug|Any CPU.Build.0 = Debug|Any CPU
		{DFD7AE01-4FD9-4F94-A290-5FE9230F5D0B}.Release|Any CPU.ActiveCfg = Release|Any CPU
		{DFD7AE01-4FD9-4F94-A290-5FE9230F5D0B}.Release|Any CPU.Build.0 = Release|Any CPU
		{33141A90-DEDC-4F9C-9C7B-C3C99DD9E20B}.Debug|Any CPU.ActiveCfg = Debug|Any CPU
		{33141A90-DEDC-4F9C-9C7B-C3C99DD9E20B}.Debug|Any CPU.Build.0 = Debug|Any CPU
		{33141A90-DEDC-4F9C-9C7B-C3C99DD9E20B}.Release|Any CPU.ActiveCfg = Release|Any CPU
		{33141A90-DEDC-4F9C-9C7B-C3C99DD9E20B}.Release|Any CPU.Build.0 = Release|Any CPU
		{26DA0D64-A55C-445A-9CF4-C79FDB399945}.Debug|Any CPU.ActiveCfg = Debug|Any CPU
		{26DA0D64-A55C-445A-9CF4-C79FDB399945}.Debug|Any CPU.Build.0 = Debug|Any CPU
		{26DA0D64-A55C-445A-9CF4-C79FDB399945}.Release|Any CPU.ActiveCfg = Release|Any CPU
		{26DA0D64-A55C-445A-9CF4-C79FDB399945}.Release|Any CPU.Build.0 = Release|Any CPU
		{F4B19FCA-ACEE-4228-B37E-4A46316C791D}.Debug|Any CPU.ActiveCfg = Debug|Any CPU
		{F4B19FCA-ACEE-4228-B37E-4A46316C791D}.Debug|Any CPU.Build.0 = Debug|Any CPU
		{F4B19FCA-ACEE-4228-B37E-4A46316C791D}.Release|Any CPU.ActiveCfg = Release|Any CPU
		{F4B19FCA-ACEE-4228-B37E-4A46316C791D}.Release|Any CPU.Build.0 = Release|Any CPU
		{17470F53-5CED-428E-B81F-82B31A541071}.Debug|Any CPU.ActiveCfg = Debug|Any CPU
		{17470F53-5CED-428E-B81F-82B31A541071}.Debug|Any CPU.Build.0 = Debug|Any CPU
		{17470F53-5CED-428E-B81F-82B31A541071}.Release|Any CPU.ActiveCfg = Release|Any CPU
		{17470F53-5CED-428E-B81F-82B31A541071}.Release|Any CPU.Build.0 = Release|Any CPU
		{9057BEC7-E3CF-415C-BE62-47A2DCA784AE}.Debug|Any CPU.ActiveCfg = Debug|Any CPU
		{9057BEC7-E3CF-415C-BE62-47A2DCA784AE}.Debug|Any CPU.Build.0 = Debug|Any CPU
		{9057BEC7-E3CF-415C-BE62-47A2DCA784AE}.Release|Any CPU.ActiveCfg = Release|Any CPU
		{9057BEC7-E3CF-415C-BE62-47A2DCA784AE}.Release|Any CPU.Build.0 = Release|Any CPU
		{4C6CFA7F-C3AF-4419-8CD0-62B39E55BA11}.Debug|Any CPU.ActiveCfg = Debug|Any CPU
		{4C6CFA7F-C3AF-4419-8CD0-62B39E55BA11}.Debug|Any CPU.Build.0 = Debug|Any CPU
		{4C6CFA7F-C3AF-4419-8CD0-62B39E55BA11}.Release|Any CPU.ActiveCfg = Release|Any CPU
		{4C6CFA7F-C3AF-4419-8CD0-62B39E55BA11}.Release|Any CPU.Build.0 = Release|Any CPU
		{E8E82991-90CA-48E4-948A-0160075C1BC5}.Debug|Any CPU.ActiveCfg = Debug|Any CPU
		{E8E82991-90CA-48E4-948A-0160075C1BC5}.Debug|Any CPU.Build.0 = Debug|Any CPU
		{E8E82991-90CA-48E4-948A-0160075C1BC5}.Release|Any CPU.ActiveCfg = Release|Any CPU
		{E8E82991-90CA-48E4-948A-0160075C1BC5}.Release|Any CPU.Build.0 = Release|Any CPU
		{B15E6735-442E-4800-9BD9-BFF640149EF9}.Debug|Any CPU.ActiveCfg = Debug|Any CPU
		{B15E6735-442E-4800-9BD9-BFF640149EF9}.Debug|Any CPU.Build.0 = Debug|Any CPU
		{B15E6735-442E-4800-9BD9-BFF640149EF9}.Release|Any CPU.ActiveCfg = Release|Any CPU
		{B15E6735-442E-4800-9BD9-BFF640149EF9}.Release|Any CPU.Build.0 = Release|Any CPU
		{298FE9D1-10AC-4D58-8E05-9C5027B4BE6F}.Debug|Any CPU.ActiveCfg = Debug|Any CPU
		{298FE9D1-10AC-4D58-8E05-9C5027B4BE6F}.Debug|Any CPU.Build.0 = Debug|Any CPU
		{298FE9D1-10AC-4D58-8E05-9C5027B4BE6F}.Release|Any CPU.ActiveCfg = Release|Any CPU
		{298FE9D1-10AC-4D58-8E05-9C5027B4BE6F}.Release|Any CPU.Build.0 = Release|Any CPU
		{8F7AB506-46E1-4777-97AC-F8BA7FD11C92}.Debug|Any CPU.ActiveCfg = Debug|Any CPU
		{8F7AB506-46E1-4777-97AC-F8BA7FD11C92}.Debug|Any CPU.Build.0 = Debug|Any CPU
		{8F7AB506-46E1-4777-97AC-F8BA7FD11C92}.Release|Any CPU.ActiveCfg = Release|Any CPU
		{8F7AB506-46E1-4777-97AC-F8BA7FD11C92}.Release|Any CPU.Build.0 = Release|Any CPU
		{4B9272BE-2F52-48CD-93D9-8880F509B304}.Debug|Any CPU.ActiveCfg = Debug|Any CPU
		{4B9272BE-2F52-48CD-93D9-8880F509B304}.Debug|Any CPU.Build.0 = Debug|Any CPU
		{4B9272BE-2F52-48CD-93D9-8880F509B304}.Release|Any CPU.ActiveCfg = Release|Any CPU
		{4B9272BE-2F52-48CD-93D9-8880F509B304}.Release|Any CPU.Build.0 = Release|Any CPU
		{332B17D7-E291-4472-8899-2C8C5846DE87}.Debug|Any CPU.ActiveCfg = Debug|Any CPU
		{332B17D7-E291-4472-8899-2C8C5846DE87}.Debug|Any CPU.Build.0 = Debug|Any CPU
		{332B17D7-E291-4472-8899-2C8C5846DE87}.Release|Any CPU.ActiveCfg = Release|Any CPU
		{332B17D7-E291-4472-8899-2C8C5846DE87}.Release|Any CPU.Build.0 = Release|Any CPU
		{CF37D6F7-66BD-40B0-A66A-651A9C8692AA}.Debug|Any CPU.ActiveCfg = Debug|Any CPU
		{CF37D6F7-66BD-40B0-A66A-651A9C8692AA}.Debug|Any CPU.Build.0 = Debug|Any CPU
		{CF37D6F7-66BD-40B0-A66A-651A9C8692AA}.Release|Any CPU.ActiveCfg = Release|Any CPU
		{CF37D6F7-66BD-40B0-A66A-651A9C8692AA}.Release|Any CPU.Build.0 = Release|Any CPU
		{C99C4C06-5607-4F9E-82F2-AC2E780DD876}.Debug|Any CPU.ActiveCfg = Debug|Any CPU
		{C99C4C06-5607-4F9E-82F2-AC2E780DD876}.Debug|Any CPU.Build.0 = Debug|Any CPU
		{C99C4C06-5607-4F9E-82F2-AC2E780DD876}.Release|Any CPU.ActiveCfg = Release|Any CPU
		{C99C4C06-5607-4F9E-82F2-AC2E780DD876}.Release|Any CPU.Build.0 = Release|Any CPU
		{925E94A3-959E-4C24-B5B8-54E52565B994}.Debug|Any CPU.ActiveCfg = Debug|Any CPU
		{925E94A3-959E-4C24-B5B8-54E52565B994}.Debug|Any CPU.Build.0 = Debug|Any CPU
		{925E94A3-959E-4C24-B5B8-54E52565B994}.Release|Any CPU.ActiveCfg = Release|Any CPU
		{925E94A3-959E-4C24-B5B8-54E52565B994}.Release|Any CPU.Build.0 = Release|Any CPU
	EndGlobalSection
	GlobalSection(SolutionProperties) = preSolution
		HideSolutionNode = FALSE
	EndGlobalSection
	GlobalSection(NestedProjects) = preSolution
		{18354054-45F6-4F51-8730-D05643A400A3} = {CC1DB869-E02A-4545-AE84-B64BFDB0B008}
		{EA29538B-89A5-4FB3-AE0F-5E2370E852F8} = {045FAED8-C500-49E8-AD0E-81ABF5EC6AB7}
		{4BBD6F42-9111-4452-A2C1-9E02F65592D2} = {6CA631A0-23CE-48E5-8923-C2E1BC17C907}
		{083D9318-F02A-44A1-8AD9-A82413B85655} = {D3675B80-2716-4F93-A168-5AE695DEE138}
		{94936199-C9C7-4A5F-A58E-6123158E84F3} = {CC1DB869-E02A-4545-AE84-B64BFDB0B008}
		{80E33436-0D97-4653-8EDB-ECF03F7CA06A} = {045FAED8-C500-49E8-AD0E-81ABF5EC6AB7}
		{8E23669A-783B-495A-97BF-337580FE20DA} = {EF36E8F4-6AB8-4644-89D3-B8E82D89C335}
		{63681197-D7A3-47B0-97C9-C7BA7735C3AF} = {E56DE298-B9F1-4C80-943D-5C750A8E97A6}
		{ED6DD9DE-28E2-408E-9444-DC1558B8D755} = {D3675B80-2716-4F93-A168-5AE695DEE138}
		{5D4483CE-EB52-47FF-84D3-6B9BE987E7DE} = {045FAED8-C500-49E8-AD0E-81ABF5EC6AB7}
		{CC1DB869-E02A-4545-AE84-B64BFDB0B008} = {045FAED8-C500-49E8-AD0E-81ABF5EC6AB7}
		{DF164150-D813-496F-B1B9-DEF0B0F79F72} = {5D4483CE-EB52-47FF-84D3-6B9BE987E7DE}
		{E4F2F7AA-5A58-44A4-905D-09536CB81EA1} = {9233C7A6-709E-4041-8B8F-FBC4E3FF0711}
		{C6058628-42B2-4CF6-A4BE-622AD45F6E42} = {9233C7A6-709E-4041-8B8F-FBC4E3FF0711}
		{E9FA7815-7A2F-473C-9E2D-CA91758E8C4A} = {A97C7679-B987-4DDA-93F9-699B3F373737}
		{3157C130-EA8A-45EB-92DB-8615BD66B5C5} = {4783EDCD-C0C4-4477-82D2-415F1C13A6BC}
		{A97C7679-B987-4DDA-93F9-699B3F373737} = {045FAED8-C500-49E8-AD0E-81ABF5EC6AB7}
		{9FA4DA88-81E9-4FF9-8521-70102762415B} = {A97C7679-B987-4DDA-93F9-699B3F373737}
		{9B31D8CD-4E32-4925-B696-7D1CF02F0142} = {9233C7A6-709E-4041-8B8F-FBC4E3FF0711}
		{986AE0D8-5AA7-4A18-96C3-120B6D1BF5F2} = {F6348260-0E29-4840-9695-A835307BE7B3}
		{621C7EC4-6BA0-4BC0-954B-85461607FAFD} = {D3675B80-2716-4F93-A168-5AE695DEE138}
		{78555FF3-F157-4929-B429-0A8DB03D20AF} = {621C7EC4-6BA0-4BC0-954B-85461607FAFD}
		{1A092466-45AC-4FA5-BC67-25071F20CD59} = {4783EDCD-C0C4-4477-82D2-415F1C13A6BC}
		{9233C7A6-709E-4041-8B8F-FBC4E3FF0711} = {045FAED8-C500-49E8-AD0E-81ABF5EC6AB7}
		{FD68EB7E-2AE8-4C8E-BA9C-71F9AD98E33E} = {9233C7A6-709E-4041-8B8F-FBC4E3FF0711}
		{2D918F3C-5403-4346-98CF-FB53A5D09951} = {9233C7A6-709E-4041-8B8F-FBC4E3FF0711}
		{256D5F6E-90A4-49E0-A4BA-1AA7284F1481} = {9233C7A6-709E-4041-8B8F-FBC4E3FF0711}
		{BE1A6F7D-6439-4361-8E96-DF90B4BFE000} = {9233C7A6-709E-4041-8B8F-FBC4E3FF0711}
		{F6348260-0E29-4840-9695-A835307BE7B3} = {E56DE298-B9F1-4C80-943D-5C750A8E97A6}
		{5EA080CE-21C5-44B9-A516-2BDEF218132A} = {E56DE298-B9F1-4C80-943D-5C750A8E97A6}
		{F92DA623-50D3-41FF-8FCA-FC93ED007B8F} = {F6348260-0E29-4840-9695-A835307BE7B3}
		{57114181-ADAD-4B4B-BE7F-2918B08A03C7} = {E56DE298-B9F1-4C80-943D-5C750A8E97A6}
		{1ED83AC8-EB5F-4DE2-B2B9-E249D5A3E4D2} = {57114181-ADAD-4B4B-BE7F-2918B08A03C7}
		{DAB29010-B1E7-469C-8AFD-FB6109661E08} = {F6348260-0E29-4840-9695-A835307BE7B3}
		{AFCBA7A2-C046-412D-BBE1-623F8E4844D2} = {F6348260-0E29-4840-9695-A835307BE7B3}
		{913290B0-952B-4EF5-8839-1CC84CAF0048} = {E56DE298-B9F1-4C80-943D-5C750A8E97A6}
		{DE5E8798-2022-4CB2-8F5C-B60C0AE6EBDD} = {5EA080CE-21C5-44B9-A516-2BDEF218132A}
		{4783EDCD-C0C4-4477-82D2-415F1C13A6BC} = {045FAED8-C500-49E8-AD0E-81ABF5EC6AB7}
		{145F3AB6-CCE1-4D4D-B85B-F6DDA1ED4239} = {E56DE298-B9F1-4C80-943D-5C750A8E97A6}
		{67490261-6DBA-4E31-896E-948A3C6A06EF} = {145F3AB6-CCE1-4D4D-B85B-F6DDA1ED4239}
		{9E773438-6E3B-4550-9D5B-78951596ED1B} = {E56DE298-B9F1-4C80-943D-5C750A8E97A6}
		{04F56489-0687-44CA-A9C4-9312B4E9ECA2} = {9E773438-6E3B-4550-9D5B-78951596ED1B}
		{B23FEF97-C42B-4671-9F68-F9DC1EE0A785} = {D3675B80-2716-4F93-A168-5AE695DEE138}
		{EF36E8F4-6AB8-4644-89D3-B8E82D89C335} = {D3675B80-2716-4F93-A168-5AE695DEE138}
		{0746CD6A-9A42-40C3-ACBE-582B1147C88E} = {B23FEF97-C42B-4671-9F68-F9DC1EE0A785}
		{C004D4E4-6FAD-485F-BC06-3A8C824104D3} = {B23FEF97-C42B-4671-9F68-F9DC1EE0A785}
		{C51ECAC0-DF0D-4C3A-9191-14A9D12303C9} = {621C7EC4-6BA0-4BC0-954B-85461607FAFD}
		{44DFEF13-3625-4825-B5E0-91A8BCED443B} = {B23FEF97-C42B-4671-9F68-F9DC1EE0A785}
		{5BDF15DD-DD51-4C25-868E-CE37DF9D804A} = {CC1DB869-E02A-4545-AE84-B64BFDB0B008}
		{4915636E-76E6-45CC-8150-E5E31BA4375D} = {5BDF15DD-DD51-4C25-868E-CE37DF9D804A}
		{F7126398-BB4F-49AF-AD90-0F23D2EDDCFE} = {5BDF15DD-DD51-4C25-868E-CE37DF9D804A}
		{F8F1B3E5-22D4-47FF-998C-AB3C9BD54FA2} = {CC1DB869-E02A-4545-AE84-B64BFDB0B008}
		{2856C862-70EC-42CB-9BD4-A889BD6EC1F7} = {CC1DB869-E02A-4545-AE84-B64BFDB0B008}
		{1DBB980A-80ED-4263-BC5D-B90377466E14} = {CC1DB869-E02A-4545-AE84-B64BFDB0B008}
		{8DE100B3-17E1-46E3-830B-5E0B072483CA} = {CC1DB869-E02A-4545-AE84-B64BFDB0B008}
		{9D52AC1C-294B-484C-85BD-FF2798FB3616} = {9233C7A6-709E-4041-8B8F-FBC4E3FF0711}
		{A96D5F3C-E26C-4CD2-96F9-79BCCFB4E81E} = {57114181-ADAD-4B4B-BE7F-2918B08A03C7}
		{8AC0AB93-2972-4704-B2DD-D8D91AF71748} = {F6348260-0E29-4840-9695-A835307BE7B3}
		{3844380D-458D-4C8E-A453-AC7DA6BAEE49} = {5D4483CE-EB52-47FF-84D3-6B9BE987E7DE}
		{39E9D8C6-7E30-47DA-9FBD-250E1515C762} = {CC1DB869-E02A-4545-AE84-B64BFDB0B008}
		{E2437B45-05E0-479C-BA7D-C263C929429F} = {9233C7A6-709E-4041-8B8F-FBC4E3FF0711}
		{9D05AA0B-16D4-4B7A-913B-F70F011CA3C8} = {F6348260-0E29-4840-9695-A835307BE7B3}
		{CF5FF5FD-39AD-472D-ABC3-44D4E7909E68} = {A97C7679-B987-4DDA-93F9-699B3F373737}
		{9754D891-6CFF-40FF-AB24-E1CF0D36AE02} = {5EA080CE-21C5-44B9-A516-2BDEF218132A}
		{43110D5B-B2DD-44F1-9131-F88C6401DB39} = {F23AA6BA-784E-47B5-91F0-E18A5092C55F}
		{DFD7AE01-4FD9-4F94-A290-5FE9230F5D0B} = {57114181-ADAD-4B4B-BE7F-2918B08A03C7}
		{33141A90-DEDC-4F9C-9C7B-C3C99DD9E20B} = {A97C7679-B987-4DDA-93F9-699B3F373737}
		{26DA0D64-A55C-445A-9CF4-C79FDB399945} = {57114181-ADAD-4B4B-BE7F-2918B08A03C7}
		{F4B19FCA-ACEE-4228-B37E-4A46316C791D} = {A97C7679-B987-4DDA-93F9-699B3F373737}
		{17470F53-5CED-428E-B81F-82B31A541071} = {A97C7679-B987-4DDA-93F9-699B3F373737}
		{4C6CFA7F-C3AF-4419-8CD0-62B39E55BA11} = {CC1DB869-E02A-4545-AE84-B64BFDB0B008}
		{E8E82991-90CA-48E4-948A-0160075C1BC5} = {57114181-ADAD-4B4B-BE7F-2918B08A03C7}
		{B15E6735-442E-4800-9BD9-BFF640149EF9} = {EF36E8F4-6AB8-4644-89D3-B8E82D89C335}
		{298FE9D1-10AC-4D58-8E05-9C5027B4BE6F} = {9233C7A6-709E-4041-8B8F-FBC4E3FF0711}
		{8F7AB506-46E1-4777-97AC-F8BA7FD11C92} = {F6348260-0E29-4840-9695-A835307BE7B3}
		{4B9272BE-2F52-48CD-93D9-8880F509B304} = {9233C7A6-709E-4041-8B8F-FBC4E3FF0711}
		{332B17D7-E291-4472-8899-2C8C5846DE87} = {A97C7679-B987-4DDA-93F9-699B3F373737}
		{CF37D6F7-66BD-40B0-A66A-651A9C8692AA} = {E56DE298-B9F1-4C80-943D-5C750A8E97A6}
		{91C623D9-F7D8-40D9-9CF1-E8863BDACD5D} = {A97C7679-B987-4DDA-93F9-699B3F373737}
		{C99C4C06-5607-4F9E-82F2-AC2E780DD876} = {91C623D9-F7D8-40D9-9CF1-E8863BDACD5D}
		{925E94A3-959E-4C24-B5B8-54E52565B994} = {5EA080CE-21C5-44B9-A516-2BDEF218132A}
	EndGlobalSection
	GlobalSection(ExtensibilityGlobals) = postSolution
		SolutionGuid = {AC8344E8-CE7D-4262-AB89-1D9010A3FBA9}
	EndGlobalSection
EndGlobal
